{
  "name": "gitterdaten",
  "version": "1.0.0",
  "lockfileVersion": 3,
  "requires": true,
  "packages": {
    "": {
      "name": "gitterdaten",
      "version": "1.0.0",
      "license": "MIT",
      "dependencies": {
        "mississippi2": "^1.0.5",
        "proj4": "^2.10.0",
        "work-faster": "^0.3.4"
      }
    },
    "node_modules/any-promise": {
      "version": "1.3.0",
      "resolved": "https://registry.npmjs.org/any-promise/-/any-promise-1.3.0.tgz",
      "integrity": "sha512-7UvmKalWRt1wgjL1RrGxoSJW/0QZFIegpeGvZG9kjp8vrRu55XTHbwnqq2GpXm9uLbcuhxm3IqX9OB4MZR1b2A=="
    },
    "node_modules/async": {
      "version": "2.6.4",
      "resolved": "https://registry.npmjs.org/async/-/async-2.6.4.tgz",
      "integrity": "sha512-mzo5dfJYwAn29PeiJ0zvwTo04zj8HDJj0Mn8TD7sno7q12prdbnasKJHhkm2c1LgrhlJ0teaea8860oxi51mGA==",
      "dependencies": {
        "lodash": "^4.17.14"
      }
    },
    "node_modules/base64-js": {
      "version": "0.0.2",
      "resolved": "https://registry.npmjs.org/base64-js/-/base64-js-0.0.2.tgz",
      "integrity": "sha512-Pj9L87dCdGcKlSqPVUjD+q96pbIx1zQQLb2CUiWURfjiBELv84YX+0nGnKmyT/9KkC7PQk7UN1w+Al8bBozaxQ==",
      "engines": {
        "node": ">= 0.4"
      }
    },
    "node_modules/bluebird": {
      "version": "3.7.2",
      "resolved": "https://registry.npmjs.org/bluebird/-/bluebird-3.7.2.tgz",
      "integrity": "sha512-XpNj6GDQzdfW+r2Wnn7xiSAd7TM3jzkxGXBGTtWKuSXv1xUV+azxAm8jdWZN06QTQk+2N2XB9jRDkvbmQmcRtg=="
    },
    "node_modules/bops": {
      "version": "0.0.6",
      "resolved": "https://registry.npmjs.org/bops/-/bops-0.0.6.tgz",
      "integrity": "sha512-EWD8/Ei9o/h/wmR3w/YL/8dGKe4rSFHlaO8VNNcuXnjXjeTgxdcmhjPf9hRCYlqTrBPZbKaht+FxZKahcob5UQ==",
      "dependencies": {
        "base64-js": "0.0.2",
        "to-utf8": "0.0.1"
      }
    },
    "node_modules/buffer-from": {
      "version": "1.1.2",
      "resolved": "https://registry.npmjs.org/buffer-from/-/buffer-from-1.1.2.tgz",
      "integrity": "sha512-E+XQCRwSbaaiChtv6k6Dwgc+bx+Bs6vuKJHHl5kox/BaKbhiXzqQOwK4cO22yElGp2OCmjwVhT3HmxgyPGnJfQ=="
    },
    "node_modules/buffer-shims": {
      "version": "1.0.0",
      "resolved": "https://registry.npmjs.org/buffer-shims/-/buffer-shims-1.0.0.tgz",
      "integrity": "sha512-Zy8ZXMyxIT6RMTeY7OP/bDndfj6bwCan7SS98CEndS6deHwWPpseeHlwarNcBim+etXnF9HBc1non5JgDaJU1g=="
    },
    "node_modules/concat-stream": {
      "version": "1.6.2",
      "resolved": "https://registry.npmjs.org/concat-stream/-/concat-stream-1.6.2.tgz",
      "integrity": "sha512-27HBghJxjiZtIk3Ycvn/4kbJk/1uZuJFfuPEns6LaEvpvG1f0hTea8lilrouyo9mVc2GWdcEZ8OLoGmSADlrCw==",
      "engines": [
        "node >= 0.8"
      ],
      "dependencies": {
        "buffer-from": "^1.0.0",
        "inherits": "^2.0.3",
        "readable-stream": "^2.2.2",
        "typedarray": "^0.0.6"
      }
    },
    "node_modules/core-util-is": {
      "version": "1.0.3",
      "resolved": "https://registry.npmjs.org/core-util-is/-/core-util-is-1.0.3.tgz",
      "integrity": "sha512-ZQBvi1DcpJ4GDqanjucZ2Hj3wEO5pZDS89BWbkcrvdxksJorwUDDZamX9ldFkp9aw2lmBDLgkObEA4DWNJ9FYQ=="
    },
    "node_modules/debug": {
      "version": "2.6.9",
      "resolved": "https://registry.npmjs.org/debug/-/debug-2.6.9.tgz",
      "integrity": "sha512-bC7ElrdJaJnPbAP+1EotYvqZsb3ecl5wi6Bfi6BJTUcNowp6cvspg0jXznRTKDjm/E7AdgFBVeAPVMNcKGsHMA==",
      "dependencies": {
        "ms": "2.0.0"
      }
    },
    "node_modules/duplex-child-process": {
      "version": "0.0.5",
      "resolved": "https://registry.npmjs.org/duplex-child-process/-/duplex-child-process-0.0.5.tgz",
      "integrity": "sha512-3WVvFnyEYmFYXi2VB9z9XG8y4MbCMEPYrSGYROY3Pp7TT5qsyrdv+rZS6ydjQvTegHMc00pbrl4V/OOwrzo1KQ=="
    },
    "node_modules/duplexify": {
      "version": "3.7.1",
      "resolved": "https://registry.npmjs.org/duplexify/-/duplexify-3.7.1.tgz",
      "integrity": "sha512-07z8uv2wMyS51kKhD1KsdXJg5WQ6t93RneqRxUHnskXVtlYYkLqM0gqStQZ3pj073g687jPCHrqNfCzawLYh5g==",
      "dependencies": {
        "end-of-stream": "^1.0.0",
        "inherits": "^2.0.1",
        "readable-stream": "^2.0.0",
        "stream-shift": "^1.0.0"
      }
    },
    "node_modules/end-of-stream": {
      "version": "1.4.4",
      "resolved": "https://registry.npmjs.org/end-of-stream/-/end-of-stream-1.4.4.tgz",
      "integrity": "sha512-+uw1inIHVPQoaVuHzRyXd21icM+cnt4CzD5rW+NC1wjOUSTOs+Te7FOv7AhN7vS9x/oIyhLP5PR1H+phQAHu5Q==",
      "dependencies": {
        "once": "^1.4.0"
      }
    },
    "node_modules/flush-write-stream": {
      "version": "1.1.1",
      "resolved": "https://registry.npmjs.org/flush-write-stream/-/flush-write-stream-1.1.1.tgz",
      "integrity": "sha512-3Z4XhFZ3992uIq0XOqb9AreonueSYphE6oYbpt5+3u06JWklbsPkNv3ZKkP9Bz/r+1MWCaMoSQ28P85+1Yc77w==",
      "dependencies": {
        "inherits": "^2.0.3",
        "readable-stream": "^2.3.6"
      }
    },
    "node_modules/fork-stream": {
      "version": "0.0.4",
      "resolved": "https://registry.npmjs.org/fork-stream/-/fork-stream-0.0.4.tgz",
      "integrity": "sha512-Pqq5NnT78ehvUnAk/We/Jr22vSvanRlFTpAmQ88xBY/M1TlHe+P0ILuEyXS595ysdGfaj22634LBkGMA2GTcpA=="
    },
    "node_modules/from2": {
      "version": "2.3.0",
      "resolved": "https://registry.npmjs.org/from2/-/from2-2.3.0.tgz",
      "integrity": "sha512-OMcX/4IC/uqEPVgGeyfN22LJk6AZrMkRZHxcHBMBvHScDGgwTm2GT2Wkgtocyd3JfZffjj2kYUDXXII0Fk9W0g==",
      "dependencies": {
        "inherits": "^2.0.1",
        "readable-stream": "^2.0.0"
      }
    },
    "node_modules/inherits": {
      "version": "2.0.4",
      "resolved": "https://registry.npmjs.org/inherits/-/inherits-2.0.4.tgz",
      "integrity": "sha512-k/vGaX4/Yla3WzyMCvTQOXYeIHvqOKtnqBduzTHpzpQZzAskKMhZ2K+EnBiSM9zGSoIFeMpXKxa4dYeZIQqewQ=="
    },
    "node_modules/isarray": {
      "version": "1.0.0",
      "resolved": "https://registry.npmjs.org/isarray/-/isarray-1.0.0.tgz",
      "integrity": "sha512-VLghIWNM6ELQzo7zwmcg0NmTVyWKYjvIeM83yjp0wRDTmUnrM678fQbcKBo6n2CJEF0szoG//ytg+TKla89ALQ=="
    },
    "node_modules/json-stringify-safe": {
      "version": "5.0.1",
      "resolved": "https://registry.npmjs.org/json-stringify-safe/-/json-stringify-safe-5.0.1.tgz",
      "integrity": "sha512-ZClg6AaYvamvYEE82d3Iyd3vSSIjQ+odgjaTzRuO3s7toCdFKczob2i0zCh7JE8kWn17yvAWhUVxvqGwUalsRA=="
    },
    "node_modules/lodash": {
      "version": "4.17.21",
      "resolved": "https://registry.npmjs.org/lodash/-/lodash-4.17.21.tgz",
      "integrity": "sha512-v2kDEe57lecTulaDIuNTPy3Ry4gLGJ6Z1O3vE1krgXZNrsQ+LFTGHVxVjcXPs17LhbZVGedAJv8XZ1tvj5FvSg=="
    },
    "node_modules/merge-stream": {
      "version": "1.0.1",
      "resolved": "https://registry.npmjs.org/merge-stream/-/merge-stream-1.0.1.tgz",
      "integrity": "sha512-e6RM36aegd4f+r8BZCcYXlO2P3H6xbUM6ktL2Xmf45GAOit9bI4z6/3VU7JwllVO1L7u0UDSg/EhzQ5lmMLolA==",
      "dependencies": {
        "readable-stream": "^2.0.1"
      }
    },
    "node_modules/mgrs": {
      "version": "1.0.0",
      "resolved": "https://registry.npmjs.org/mgrs/-/mgrs-1.0.0.tgz",
      "integrity": "sha512-awNbTOqCxK1DBGjalK3xqWIstBZgN6fxsMSiXLs9/spqWkF2pAhb2rrYCFSsr1/tT7PhcDGjZndG8SWYn0byYA=="
    },
    "node_modules/mississippi2": {
      "version": "1.0.5",
      "resolved": "https://registry.npmjs.org/mississippi2/-/mississippi2-1.0.5.tgz",
      "integrity": "sha512-O4ZBc8b7cMj5j9OLLt+J/qYCtK7Kl5hHvLC6AyKkW0Ct5TwZ6myjhpU89iPN7zXXEJWlpXaLlEO2UfspyP4Vdg==",
      "dependencies": {
        "concat-stream": "^1.5.0",
        "duplex-child-process": "0.0.5",
        "duplexify": "^3.4.2",
        "end-of-stream": "^1.1.0",
        "flush-write-stream": "^1.0.0",
        "from2": "^2.1.0",
        "multi-duplex-stream": "^0.1.1",
        "pump": "^2.0.0",
        "pumpify": "^1.3.3",
        "rx-node": "^1.0.2",
        "split2": "^2.0.1",
        "stream-array": "^1.1.1",
        "stream-balance": "0.0.6",
        "stream-each": "^1.1.0",
        "stream-from-array": "^1.0.0",
        "stream-from-promise": "^1.0.0",
        "stream-from-value": "^0.1.0",
        "stream-parser": "^0.3.1",
        "stream-to-array": "^2.3.0",
        "stream-to-json": "0.0.1",
        "stream-to-promise2": "^1.2.0",
        "stream-to-string": "^1.0.1",
        "streaming-json-stringify": "^3.1.0",
        "ternary-stream": "^2.0.0",
        "throttle": "^1.0.3",
        "through2": "^2.0.0",
        "through2-filter": "^2.0.0",
        "through2-map": "^3.0.0",
        "through2-reduce": "^1.1.1",
        "through2-spy": "^2.0.0",
        "unique-hash-stream": "^1.0.0"
      }
    },
    "node_modules/ms": {
      "version": "2.0.0",
      "resolved": "https://registry.npmjs.org/ms/-/ms-2.0.0.tgz",
      "integrity": "sha512-Tpp60P6IUJDTuOq/5Z8cdskzJujfwqfOTkrwIwj7IRISpnkJnT6SyJ4PCPnGMoFjC9ddhal5KVIYtAt97ix05A=="
    },
    "node_modules/multi-duplex-stream": {
      "version": "0.1.1",
      "resolved": "https://registry.npmjs.org/multi-duplex-stream/-/multi-duplex-stream-0.1.1.tgz",
      "integrity": "sha512-luxZxCa0jBdVElWjrfhecWDS6xzISlO17f1DbcHpJZltu5qSdScNlc3DkN+4fFDFmquvkOfkFs+TB2PJvsRGQQ==",
      "dependencies": {
        "duplexify": "^3.4.3",
        "inherits": "^2.0.1",
        "multi-read-stream": "^2.0.0",
        "multi-write-stream": "^2.0.1"
      }
    },
    "node_modules/multi-read-stream": {
      "version": "2.0.0",
      "resolved": "https://registry.npmjs.org/multi-read-stream/-/multi-read-stream-2.0.0.tgz",
      "integrity": "sha512-cTyP8VxiNkcJEwa0sET7AsVM3CqBxy07rl3wQ36WDKwCpuZL6QcR1gc/jgrUXUnuOjtmXO/zSzwXgdyrD4Tk/w==",
      "dependencies": {
        "readable-stream": "^2.0.1"
      }
    },
    "node_modules/multi-write-stream": {
      "version": "2.0.1",
      "resolved": "https://registry.npmjs.org/multi-write-stream/-/multi-write-stream-2.0.1.tgz",
      "integrity": "sha512-vI4pcyi6BHEeeZlbLfnN90/2/ru5F1aHpmJMrEIaXEiF9Y58eOE98HcFasgErD1oWEY4qL/c+qOt9xMtvv8LHw==",
      "dependencies": {
        "readable-stream": "^2.0.1"
      }
    },
    "node_modules/once": {
      "version": "1.4.0",
      "resolved": "https://registry.npmjs.org/once/-/once-1.4.0.tgz",
      "integrity": "sha512-lNaJgI+2Q5URQBkccEKHTQOPaXdUxnZZElQTZY0MFUAuaEqe1E+Nyvgdz/aIyNi6Z9MzO5dv1H8n58/GELp3+w==",
      "dependencies": {
        "wrappy": "1"
      }
    },
    "node_modules/papaparse": {
      "version": "5.4.1",
      "resolved": "https://registry.npmjs.org/papaparse/-/papaparse-5.4.1.tgz",
      "integrity": "sha512-HipMsgJkZu8br23pW15uvo6sib6wne/4woLZPlFf3rpDyMe9ywEXUsuD7+6K9PRkJlVT51j/sCOYDKGGS3ZJrw=="
    },
    "node_modules/process-nextick-args": {
      "version": "2.0.1",
      "resolved": "https://registry.npmjs.org/process-nextick-args/-/process-nextick-args-2.0.1.tgz",
      "integrity": "sha512-3ouUOpQhtgrbOa17J7+uxOTpITYWaGP7/AhoR3+A+/1e9skrzelGi/dXzEYyvbxubEF6Wn2ypscTKiKJFFn1ag=="
    },
    "node_modules/proj4": {
      "version": "2.10.0",
      "resolved": "https://registry.npmjs.org/proj4/-/proj4-2.10.0.tgz",
      "integrity": "sha512-0eyB8h1PDoWxucnq88/EZqt7UZlvjhcfbXCcINpE7hqRN0iRPWE/4mXINGulNa/FAvK+Ie7F+l2OxH/0uKV36A==",
      "dependencies": {
        "mgrs": "1.0.0",
        "wkt-parser": "^1.3.3"
      }
    },
    "node_modules/promise-polyfill": {
      "version": "1.1.6",
      "resolved": "https://registry.npmjs.org/promise-polyfill/-/promise-polyfill-1.1.6.tgz",
      "integrity": "sha512-7rrONfyLkDEc7OJ5QBkqa4KI4EBhCd340xRuIUPGCfu13znS+vx+VDdrT9ODAJHlXm7w4lbxN3DRjyv58EuzDg=="
    },
    "node_modules/pump": {
      "version": "2.0.1",
      "resolved": "https://registry.npmjs.org/pump/-/pump-2.0.1.tgz",
      "integrity": "sha512-ruPMNRkN3MHP1cWJc9OWr+T/xDP0jhXYCLfJcBuX54hhfIBnaQmAUMfDcG4DM5UMWByBbJY69QSphm3jtDKIkA==",
      "dependencies": {
        "end-of-stream": "^1.1.0",
        "once": "^1.3.1"
      }
    },
    "node_modules/pumpify": {
      "version": "1.5.1",
      "resolved": "https://registry.npmjs.org/pumpify/-/pumpify-1.5.1.tgz",
      "integrity": "sha512-oClZI37HvuUJJxSKKrC17bZ9Cu0ZYhEAGPsPUy9KlMUmv9dKX2o77RUmq7f3XjIxbwyGwYzbzQ1L2Ks8sIradQ==",
      "dependencies": {
        "duplexify": "^3.6.0",
        "inherits": "^2.0.3",
        "pump": "^2.0.0"
      }
    },
    "node_modules/ramda": {
      "version": "0.21.0",
      "resolved": "https://registry.npmjs.org/ramda/-/ramda-0.21.0.tgz",
      "integrity": "sha512-HGd5aczYKQXGILB+abY290V7Xz62eFajpa6AtMdwEmQSakJmgSO7ks4eI3HdR34j+X2Vz4Thp9VAJbrCAMbO2w=="
    },
    "node_modules/readable-stream": {
      "version": "2.3.8",
      "resolved": "https://registry.npmjs.org/readable-stream/-/readable-stream-2.3.8.tgz",
      "integrity": "sha512-8p0AUk4XODgIewSi0l8Epjs+EVnWiK7NoDIEGU0HhE7+ZyY8D1IMY7odu5lRrFXGg71L15KG8QrPmum45RTtdA==",
      "dependencies": {
        "core-util-is": "~1.0.0",
        "inherits": "~2.0.3",
        "isarray": "~1.0.0",
        "process-nextick-args": "~2.0.0",
        "safe-buffer": "~5.1.1",
        "string_decoder": "~1.1.1",
        "util-deprecate": "~1.0.1"
      }
    },
    "node_modules/rx": {
      "version": "4.1.0",
      "resolved": "https://registry.npmjs.org/rx/-/rx-4.1.0.tgz",
      "integrity": "sha512-CiaiuN6gapkdl+cZUr67W6I8jquN4lkak3vtIsIWCl4XIPP8ffsoyN6/+PuGXnQy8Cu8W2y9Xxh31Rq4M6wUug=="
    },
    "node_modules/rx-node": {
      "version": "1.0.2",
      "resolved": "https://registry.npmjs.org/rx-node/-/rx-node-1.0.2.tgz",
      "integrity": "sha512-vweI4+AAbLDOctmBoaqLar3rUArKKaPzGLLxP5CGogDsJ64C6CjrftxJ3ARDm+yNkMq6G2UR6an1V7ulwITY3Q==",
      "dependencies": {
        "rx": "*"
      }
    },
    "node_modules/safe-buffer": {
      "version": "5.1.2",
      "resolved": "https://registry.npmjs.org/safe-buffer/-/safe-buffer-5.1.2.tgz",
      "integrity": "sha512-Gd2UZBJDkXlY7GbJxfsE8/nvKkUEU1G38c1siN6QP6a9PT9MmHB8GnpscSmMJSoF8LOIrt8ud/wPtojys4G6+g=="
    },
    "node_modules/split2": {
      "version": "2.2.0",
      "resolved": "https://registry.npmjs.org/split2/-/split2-2.2.0.tgz",
      "integrity": "sha512-RAb22TG39LhI31MbreBgIuKiIKhVsawfTgEGqKHTK87aG+ul/PB8Sqoi3I7kVdRWiCfrKxK3uo4/YUkpNvhPbw==",
      "dependencies": {
        "through2": "^2.0.2"
      }
    },
    "node_modules/stream-array": {
      "version": "1.1.2",
      "resolved": "https://registry.npmjs.org/stream-array/-/stream-array-1.1.2.tgz",
      "integrity": "sha512-1yWdVsMEm/btiMa2YyHiC3mDrtAqlmNNaDRylx2F7KHhm3C4tA6kSR2V9mpeMthv+ujvbl8Kamyh5xaHHdFvyQ==",
      "dependencies": {
        "readable-stream": "~2.1.0"
      },
      "engines": {
        "node": ">= 0.8"
      }
    },
    "node_modules/stream-array/node_modules/process-nextick-args": {
      "version": "1.0.7",
      "resolved": "https://registry.npmjs.org/process-nextick-args/-/process-nextick-args-1.0.7.tgz",
      "integrity": "sha512-yN0WQmuCX63LP/TMvAg31nvT6m4vDqJEiiv2CAZqWOGNWutc9DfDk1NPYYmKUFmaVM2UwDowH4u5AHWYP/jxKw=="
    },
    "node_modules/stream-array/node_modules/readable-stream": {
      "version": "2.1.5",
      "resolved": "https://registry.npmjs.org/readable-stream/-/readable-stream-2.1.5.tgz",
      "integrity": "sha512-NkXT2AER7VKXeXtJNSaWLpWIhmtSE3K2PguaLEeWr4JILghcIKqoLt1A3wHrnpDC5+ekf8gfk1GKWkFXe4odMw==",
      "dependencies": {
        "buffer-shims": "^1.0.0",
        "core-util-is": "~1.0.0",
        "inherits": "~2.0.1",
        "isarray": "~1.0.0",
        "process-nextick-args": "~1.0.6",
        "string_decoder": "~0.10.x",
        "util-deprecate": "~1.0.1"
      }
    },
    "node_modules/stream-array/node_modules/string_decoder": {
      "version": "0.10.31",
      "resolved": "https://registry.npmjs.org/string_decoder/-/string_decoder-0.10.31.tgz",
      "integrity": "sha512-ev2QzSzWPYmy9GuqfIVildA4OdcGLeFZQrq5ys6RtiuF+RQQiZWr8TZNyAcuVXyQRYfEO+MsoB/1BuQVhOJuoQ=="
    },
    "node_modules/stream-balance": {
      "version": "0.0.6",
      "resolved": "https://registry.npmjs.org/stream-balance/-/stream-balance-0.0.6.tgz",
      "integrity": "sha512-kVJk3bS0ubsjpiPKXzg3fyvOmPo8F6aEP4FFWfoaISUSF/IpMw4cp7HySRCt08sbr80eGyRZShuq1HnpeeR5Kw==",
      "dependencies": {
        "async": "^2.0.0-rc.3",
        "bluebird": "^3.3.4",
        "inherits": "^2.0.1",
        "pumpify": "^1.3.4",
        "ramda": "^0.21.0",
        "readable-stream": "^2.0.6",
        "through2": "^2.0.1"
      }
    },
    "node_modules/stream-each": {
      "version": "1.2.3",
      "resolved": "https://registry.npmjs.org/stream-each/-/stream-each-1.2.3.tgz",
      "integrity": "sha512-vlMC2f8I2u/bZGqkdfLQW/13Zihpej/7PmSiMQsbYddxuTsJp8vRe2x2FvVExZg7FaOds43ROAuFJwPR4MTZLw==",
      "dependencies": {
        "end-of-stream": "^1.1.0",
        "stream-shift": "^1.0.0"
      }
    },
    "node_modules/stream-from-array": {
      "version": "1.0.0",
      "resolved": "https://registry.npmjs.org/stream-from-array/-/stream-from-array-1.0.0.tgz",
      "integrity": "sha512-ItijY9pa33F3wTvnCUtgp7KHW7pMceZqKnsLErN2o4+cMYBnS+4YWB5Jk1Cf1ockCDfuuUbnPFCONP0a2ktyLQ==",
      "engines": {
        "node": ">=0.10.0"
      }
    },
    "node_modules/stream-from-promise": {
      "version": "1.0.0",
      "resolved": "https://registry.npmjs.org/stream-from-promise/-/stream-from-promise-1.0.0.tgz",
      "integrity": "sha512-j84KLkudt+gr8KJ21RB02btPLx61uGbrLnewsWz6QKmsz8/c4ZFqXw6mJh5+G4oRN7DgDxdbjPxnpySpg1mUig==",
      "engines": {
        "node": ">=0.10.0"
      }
    },
    "node_modules/stream-from-value": {
      "version": "0.1.0",
      "resolved": "https://registry.npmjs.org/stream-from-value/-/stream-from-value-0.1.0.tgz",
      "integrity": "sha512-1jIKbFIayYmDzuiznSedlxxhgxVXxjZU/1ouaWQcySSkYpqlIQQ904ffzJcG10NWHFi5ohxI4U/n+DfHYLxYfQ==",
      "engines": {
        "node": "^0.11 || ^0.10"
      }
    },
    "node_modules/stream-parser": {
      "version": "0.3.1",
      "resolved": "https://registry.npmjs.org/stream-parser/-/stream-parser-0.3.1.tgz",
      "integrity": "sha512-bJ/HgKq41nlKvlhccD5kaCr/P+Hu0wPNKPJOH7en+YrJu/9EgqUF+88w5Jb6KNcjOFMhfX4B2asfeAtIGuHObQ==",
      "dependencies": {
        "debug": "2"
      }
    },
    "node_modules/stream-shift": {
      "version": "1.0.3",
      "resolved": "https://registry.npmjs.org/stream-shift/-/stream-shift-1.0.3.tgz",
      "integrity": "sha512-76ORR0DO1o1hlKwTbi/DM3EXWGf3ZJYO8cXX5RJwnul2DEg2oyoZyjLNoQM8WsvZiFKCRfC1O0J7iCvie3RZmQ=="
    },
    "node_modules/stream-to-array": {
      "version": "2.3.0",
      "resolved": "https://registry.npmjs.org/stream-to-array/-/stream-to-array-2.3.0.tgz",
      "integrity": "sha512-UsZtOYEn4tWU2RGLOXr/o/xjRBftZRlG3dEWoaHr8j4GuypJ3isitGbVyjQKAuMu+xbiop8q224TjiZWc4XTZA==",
      "dependencies": {
        "any-promise": "^1.1.0"
      }
    },
    "node_modules/stream-to-json": {
      "version": "0.0.1",
      "resolved": "https://registry.npmjs.org/stream-to-json/-/stream-to-json-0.0.1.tgz",
      "integrity": "sha512-+9k0NvdgAEXRoKC9+6iI7q4jJaLmmpyEO4ByrpGHPLJkxq74xjQ6RUM6cBUt3zETvjvV/rAus6Uaz49pJKjVsw==",
      "dependencies": {
        "concat-stream": "~1.2.0",
        "once": "~1.3.0"
      }
    },
    "node_modules/stream-to-json/node_modules/concat-stream": {
      "version": "1.2.1",
      "resolved": "https://registry.npmjs.org/concat-stream/-/concat-stream-1.2.1.tgz",
      "integrity": "sha512-njwWXQsxCFDRlKE79ALQF6+t4MNSAYVD8PVZJg90GKIt4UGu4H9G6qkZfnq/m0SvGj3wkO8gGgKEdnNodJElow==",
      "engines": [
        "node >= 0.8.0"
      ],
      "dependencies": {
        "bops": "0.0.6"
      }
    },
    "node_modules/stream-to-json/node_modules/once": {
      "version": "1.3.3",
      "resolved": "https://registry.npmjs.org/once/-/once-1.3.3.tgz",
      "integrity": "sha512-6vaNInhu+CHxtONf3zw3vq4SP2DOQhjBvIa3rNcG0+P7eKWlYH6Peu7rHizSloRU2EwMz6GraLieis9Ac9+p1w==",
      "dependencies": {
        "wrappy": "1"
      }
    },
    "node_modules/stream-to-promise2": {
      "version": "1.2.0",
      "resolved": "https://registry.npmjs.org/stream-to-promise2/-/stream-to-promise2-1.2.0.tgz",
      "integrity": "sha512-B1hjgH45uuoDoRGr3TzC3MDs4t8nZFL/KMvabRpstPgd56xfHGR1q7jFbSM1GoShMa0yQZv66Hmwt2wykbqICA==",
      "dependencies": {
        "bluebird": "~3.0.6",
        "stream-to-array": "~2.3.0"
      }
    },
    "node_modules/stream-to-promise2/node_modules/bluebird": {
      "version": "3.0.6",
      "resolved": "https://registry.npmjs.org/bluebird/-/bluebird-3.0.6.tgz",
      "integrity": "sha512-Q3KyrySMNYZyK0j/YeJY4TRyp4t57dAu/KFsf3M5VymHssnymBPxIsh6tAy9RlHuqritQno+0Pikqvn2TnN/gw=="
    },
    "node_modules/stream-to-string": {
      "version": "1.2.1",
      "resolved": "https://registry.npmjs.org/stream-to-string/-/stream-to-string-1.2.1.tgz",
      "integrity": "sha512-WsvTDNF8UYs369Yko3pcdTducQtYpzEZeOV7cTuReyFvOoA9S/DLJ6sYK+xPafSPHhUMpaxiljKYnT6JSFztIA==",
      "dependencies": {
        "promise-polyfill": "^1.1.6"
      }
    },
    "node_modules/streaming-json-stringify": {
      "version": "3.1.0",
      "resolved": "https://registry.npmjs.org/streaming-json-stringify/-/streaming-json-stringify-3.1.0.tgz",
      "integrity": "sha512-axtfs3BDxAsrZ9swD163FBrXZ8dhJJp6kUI6C97TvUZG9RHKfbg9nFbXqEheFNOb3IYMEt2ag9F62sWLFUZ4ug==",
      "dependencies": {
        "json-stringify-safe": "5",
        "readable-stream": "2"
      }
    },
    "node_modules/string_decoder": {
      "version": "1.1.1",
      "resolved": "https://registry.npmjs.org/string_decoder/-/string_decoder-1.1.1.tgz",
      "integrity": "sha512-n/ShnvDi6FHbbVfviro+WojiFzv+s8MPMHBczVePfUpDJLwoLT0ht1l4YwBCbi8pJAveEEdnkHyPyTP/mzRfwg==",
      "dependencies": {
        "safe-buffer": "~5.1.0"
      }
    },
    "node_modules/ternary-stream": {
      "version": "2.1.1",
      "resolved": "https://registry.npmjs.org/ternary-stream/-/ternary-stream-2.1.1.tgz",
      "integrity": "sha512-j6ei9hxSoyGlqTmoMjOm+QNvUKDOIY6bNl4Uh1lhBvl6yjPW2iLqxDUYyfDPZknQ4KdRziFl+ec99iT4l7g0cw==",
      "dependencies": {
        "duplexify": "^3.5.0",
        "fork-stream": "^0.0.4",
        "merge-stream": "^1.0.0",
        "through2": "^2.0.1"
      },
      "engines": {
        "node": ">= 0.10.0"
      }
    },
    "node_modules/throttle": {
      "version": "1.0.3",
      "resolved": "https://registry.npmjs.org/throttle/-/throttle-1.0.3.tgz",
      "integrity": "sha512-VYINSQFQeFdmhCds0tTqvQmLmdAjzGX1D6GnRQa4zlq8OpTtWSMddNyRq8Z4Snw/d6QZrWt9cM/cH8xTiGUkYA==",
      "dependencies": {
        "readable-stream": ">= 0.3.0",
        "stream-parser": ">= 0.0.2"
      },
      "engines": {
        "node": ">= v0.8.0"
      }
    },
    "node_modules/through2": {
      "version": "2.0.5",
      "resolved": "https://registry.npmjs.org/through2/-/through2-2.0.5.tgz",
      "integrity": "sha512-/mrRod8xqpA+IHSLyGCQ2s8SPHiCDEeQJSep1jqLYeEUClOFG2Qsh+4FU6G9VeqpZnGW/Su8LQGc4YKni5rYSQ==",
      "dependencies": {
        "readable-stream": "~2.3.6",
        "xtend": "~4.0.1"
      }
    },
    "node_modules/through2-filter": {
      "version": "2.0.0",
      "resolved": "https://registry.npmjs.org/through2-filter/-/through2-filter-2.0.0.tgz",
      "integrity": "sha512-miwWajb1B80NvIVKXFPN/o7+vJc4jYUvnZCwvhicRAoTxdD9wbcjri70j+BenCrN/JXEPKDjhpw4iY7yiNsCGg==",
      "dependencies": {
        "through2": "~2.0.0",
        "xtend": "~4.0.0"
      }
    },
    "node_modules/through2-map": {
      "version": "3.0.0",
      "resolved": "https://registry.npmjs.org/through2-map/-/through2-map-3.0.0.tgz",
      "integrity": "sha512-Ms68QPbSJKjRYY7fmqZHB0VGt+vD0/tjmDHUWgxltjifCof6hZWWeQAEi27Wjbs7jyNlIIyerQw/TVj7gHkd/Q==",
      "dependencies": {
        "through2": "~2.0.0",
        "xtend": "^4.0.0"
      }
    },
    "node_modules/through2-reduce": {
      "version": "1.1.1",
      "resolved": "https://registry.npmjs.org/through2-reduce/-/through2-reduce-1.1.1.tgz",
      "integrity": "sha512-FC0eIxp97DNQdFsMTirblFWUCUFyMvJDHIuU8+KSelBJ911Llig5z9Zp69Ez+JKiSUMaPZbWqxm5e3ZngJ1RDA==",
      "dependencies": {
        "through2": "~2.0.0",
        "xtend": "~4.0.1"
      }
    },
    "node_modules/through2-spy": {
      "version": "2.0.0",
      "resolved": "https://registry.npmjs.org/through2-spy/-/through2-spy-2.0.0.tgz",
      "integrity": "sha512-z0u+JYkckgGGsHw3rWPG58ZOlSglafN/OLnM+uPFvpzrJY9zjGBVYBZ94aH92DBr9ONHqjGK86xCrmpOwzQ+sA==",
      "dependencies": {
        "through2": "~2.0.0",
        "xtend": "~4.0.0"
      }
    },
    "node_modules/to-utf8": {
      "version": "0.0.1",
      "resolved": "https://registry.npmjs.org/to-utf8/-/to-utf8-0.0.1.tgz",
      "integrity": "sha512-zks18/TWT1iHO3v0vFp5qLKOG27m67ycq/Y7a7cTiRuUNlc4gf3HGnkRgMv0NyhnfTamtkYBJl+YeD1/j07gBQ=="
    },
    "node_modules/typedarray": {
      "version": "0.0.6",
      "resolved": "https://registry.npmjs.org/typedarray/-/typedarray-0.0.6.tgz",
      "integrity": "sha512-/aCDEGatGvZ2BIk+HmLf4ifCJFwvKFNb9/JeZPMulfgFracn9QFcAf5GO8B/mweUjSoblS5In0cWhqpfs/5PQA=="
    },
    "node_modules/unique-hash-stream": {
      "version": "1.0.0",
      "resolved": "https://registry.npmjs.org/unique-hash-stream/-/unique-hash-stream-1.0.0.tgz",
      "integrity": "sha512-OM0GISbn0IHMHjW6Vhsu+5zj3Cz+XMSkSv4DQD9e/ZxRep6vpe+E+Y46FR8oiWOlBnlSzpYvtPbzeU66rV5eUw==",
      "dependencies": {
        "json-stringify-safe": "5",
        "readable-stream": "1"
      }
    },
    "node_modules/unique-hash-stream/node_modules/isarray": {
      "version": "0.0.1",
      "resolved": "https://registry.npmjs.org/isarray/-/isarray-0.0.1.tgz",
      "integrity": "sha512-D2S+3GLxWH+uhrNEcoh/fnmYeP8E8/zHl644d/jdA0g2uyXvy3sb0qxotE+ne0LtccHknQzWwZEzhak7oJ0COQ=="
    },
    "node_modules/unique-hash-stream/node_modules/readable-stream": {
      "version": "1.1.14",
      "resolved": "https://registry.npmjs.org/readable-stream/-/readable-stream-1.1.14.tgz",
      "integrity": "sha512-+MeVjFf4L44XUkhM1eYbD8fyEsxcV81pqMSR5gblfcLCHfZvbrqy4/qYHE+/R5HoBUT11WV5O08Cr1n3YXkWVQ==",
      "dependencies": {
        "core-util-is": "~1.0.0",
        "inherits": "~2.0.1",
        "isarray": "0.0.1",
        "string_decoder": "~0.10.x"
      }
    },
    "node_modules/unique-hash-stream/node_modules/string_decoder": {
      "version": "0.10.31",
      "resolved": "https://registry.npmjs.org/string_decoder/-/string_decoder-0.10.31.tgz",
      "integrity": "sha512-ev2QzSzWPYmy9GuqfIVildA4OdcGLeFZQrq5ys6RtiuF+RQQiZWr8TZNyAcuVXyQRYfEO+MsoB/1BuQVhOJuoQ=="
    },
    "node_modules/util-deprecate": {
      "version": "1.0.2",
      "resolved": "https://registry.npmjs.org/util-deprecate/-/util-deprecate-1.0.2.tgz",
      "integrity": "sha512-EPD5q1uXyFxJpCrLnCc1nHnq3gOa6DZBocAIiI2TaSCA7VCJ1UJDMagCzIkXNsUYfD1daK//LTEQ8xiIbrHtcw=="
    },
    "node_modules/wkt-parser": {
      "version": "1.3.3",
      "resolved": "https://registry.npmjs.org/wkt-parser/-/wkt-parser-1.3.3.tgz",
      "integrity": "sha512-ZnV3yH8/k58ZPACOXeiHaMuXIiaTk1t0hSUVisbO0t4RjA5wPpUytcxeyiN2h+LZRrmuHIh/1UlrR9e7DHDvTw=="
    },
    "node_modules/work-faster": {
      "version": "0.3.4",
      "resolved": "https://registry.npmjs.org/work-faster/-/work-faster-0.3.4.tgz",
      "integrity": "sha512-/LWqcM+aysQtEHbmcAhh2G/hdG22rvdYPsT98s8musggc3YNGg17pzOHcq9P6D+wTJRxKW0Z6pu8blYvy4YE8g==",
      "dependencies": {
        "papaparse": "^5.4.1"
      }
    },
    "node_modules/wrappy": {
      "version": "1.0.2",
      "resolved": "https://registry.npmjs.org/wrappy/-/wrappy-1.0.2.tgz",
      "integrity": "sha512-l4Sp/DRseor9wL6EvV2+TuQn63dMkPjZ/sp9XkghTEbV9KlPS1xUsZ3u7/IQO4wxtcFB4bgpQPRcR3QCvezPcQ=="
    },
    "node_modules/xtend": {
      "version": "4.0.2",
      "resolved": "https://registry.npmjs.org/xtend/-/xtend-4.0.2.tgz",
      "integrity": "sha512-LKYU1iAXJXUgAXn9URjiu+MWhyUXHsvfp7mcuYm9dSUKK0/CjtrUwFAxD82/mCWbtLsGjFIad0wIsod4zrTAEQ==",
      "engines": {
        "node": ">=0.4"
      }
    }
  }
}
